// !$*UTF8*$!
{
	archiveVersion = 1;
	classes = {
	};
	objectVersion = 56;
	objects = {

/* Begin PBXBuildFile section */
		BD58A6702C0019130013BD4C /* AppDelegate.swift in Sources */ = {isa = PBXBuildFile; fileRef = BD58A66F2C0019130013BD4C /* AppDelegate.swift */; };
		BD58A6722C0019130013BD4C /* SceneDelegate.swift in Sources */ = {isa = PBXBuildFile; fileRef = BD58A6712C0019130013BD4C /* SceneDelegate.swift */; };
		BD58A6742C0019130013BD4C /* ViewController.swift in Sources */ = {isa = PBXBuildFile; fileRef = BD58A6732C0019130013BD4C /* ViewController.swift */; };
		BD58A6772C0019130013BD4C /* Base in Resources */ = {isa = PBXBuildFile; fileRef = BD58A6762C0019130013BD4C /* Base */; };
		BD58A6792C0019150013BD4C /* Assets.xcassets in Resources */ = {isa = PBXBuildFile; fileRef = BD58A6782C0019150013BD4C /* Assets.xcassets */; };
		BD58A67C2C0019150013BD4C /* Base in Resources */ = {isa = PBXBuildFile; fileRef = BD58A67B2C0019150013BD4C /* Base */; };
		BD58A6872C0019150013BD4C /* SearchBarInCollectionviewTests.swift in Sources */ = {isa = PBXBuildFile; fileRef = BD58A6862C0019150013BD4C /* SearchBarInCollectionviewTests.swift */; };
		BD58A6912C0019150013BD4C /* SearchBarInCollectionviewUITests.swift in Sources */ = {isa = PBXBuildFile; fileRef = BD58A6902C0019150013BD4C /* SearchBarInCollectionviewUITests.swift */; };
		BD58A6932C0019150013BD4C /* SearchBarInCollectionviewUITestsLaunchTests.swift in Sources */ = {isa = PBXBuildFile; fileRef = BD58A6922C0019150013BD4C /* SearchBarInCollectionviewUITestsLaunchTests.swift */; };
/* End PBXBuildFile section */

/* Begin PBXContainerItemProxy section */
		BD58A6832C0019150013BD4C /* PBXContainerItemProxy */ = {
			isa = PBXContainerItemProxy;
			containerPortal = BD58A6642C0019130013BD4C /* Project object */;
			proxyType = 1;
			remoteGlobalIDString = BD58A66B2C0019130013BD4C;
			remoteInfo = SearchBarInCollectionview;
		};
		BD58A68D2C0019150013BD4C /* PBXContainerItemProxy */ = {
			isa = PBXContainerItemProxy;
			containerPortal = BD58A6642C0019130013BD4C /* Project object */;
			proxyType = 1;
			remoteGlobalIDString = BD58A66B2C0019130013BD4C;
			remoteInfo = SearchBarInCollectionview;
		};
/* End PBXContainerItemProxy section */

/* Begin PBXFileReference section */
		BD58A66C2C0019130013BD4C /* SearchBarInCollectionview.app */ = {isa = PBXFileReference; explicitFileType = wrapper.application; includeInIndex = 0; path = SearchBarInCollectionview.app; sourceTree = BUILT_PRODUCTS_DIR; };
		BD58A66F2C0019130013BD4C /* AppDelegate.swift */ = {isa = PBXFileReference; lastKnownFileType = sourcecode.swift; path = AppDelegate.swift; sourceTree = "<group>"; };
		BD58A6712C0019130013BD4C /* SceneDelegate.swift */ = {isa = PBXFileReference; lastKnownFileType = sourcecode.swift; path = SceneDelegate.swift; sourceTree = "<group>"; };
		BD58A6732C0019130013BD4C /* ViewController.swift */ = {isa = PBXFileReference; lastKnownFileType = sourcecode.swift; path = ViewController.swift; sourceTree = "<group>"; };
		BD58A6762C0019130013BD4C /* Base */ = {isa = PBXFileReference; lastKnownFileType = file.storyboard; name = Base; path = Base.lproj/Main.storyboard; sourceTree = "<group>"; };
		BD58A6782C0019150013BD4C /* Assets.xcassets */ = {isa = PBXFileReference; lastKnownFileType = folder.assetcatalog; path = Assets.xcassets; sourceTree = "<group>"; };
		BD58A67B2C0019150013BD4C /* Base */ = {isa = PBXFileReference; lastKnownFileType = file.storyboard; name = Base; path = Base.lproj/LaunchScreen.storyboard; sourceTree = "<group>"; };
		BD58A67D2C0019150013BD4C /* Info.plist */ = {isa = PBXFileReference; lastKnownFileType = text.plist.xml; path = Info.plist; sourceTree = "<group>"; };
		BD58A6822C0019150013BD4C /* SearchBarInCollectionviewTests.xctest */ = {isa = PBXFileReference; explicitFileType = wrapper.cfbundle; includeInIndex = 0; path = SearchBarInCollectionviewTests.xctest; sourceTree = BUILT_PRODUCTS_DIR; };
		BD58A6862C0019150013BD4C /* SearchBarInCollectionviewTests.swift */ = {isa = PBXFileReference; lastKnownFileType = sourcecode.swift; path = SearchBarInCollectionviewTests.swift; sourceTree = "<group>"; };
		BD58A68C2C0019150013BD4C /* SearchBarInCollectionviewUITests.xctest */ = {isa = PBXFileReference; explicitFileType = wrapper.cfbundle; includeInIndex = 0; path = SearchBarInCollectionviewUITests.xctest; sourceTree = BUILT_PRODUCTS_DIR; };
		BD58A6902C0019150013BD4C /* SearchBarInCollectionviewUITests.swift */ = {isa = PBXFileReference; lastKnownFileType = sourcecode.swift; path = SearchBarInCollectionviewUITests.swift; sourceTree = "<group>"; };
		BD58A6922C0019150013BD4C /* SearchBarInCollectionviewUITestsLaunchTests.swift */ = {isa = PBXFileReference; lastKnownFileType = sourcecode.swift; path = SearchBarInCollectionviewUITestsLaunchTests.swift; sourceTree = "<group>"; };
/* End PBXFileReference section */

/* Begin PBXFrameworksBuildPhase section */
		BD58A6692C0019130013BD4C /* Frameworks */ = {
			isa = PBXFrameworksBuildPhase;
			buildActionMask = 2147483647;
			files = (
			);
			runOnlyForDeploymentPostprocessing = 0;
		};
		BD58A67F2C0019150013BD4C /* Frameworks */ = {
			isa = PBXFrameworksBuildPhase;
			buildActionMask = 2147483647;
			files = (
			);
			runOnlyForDeploymentPostprocessing = 0;
		};
		BD58A6892C0019150013BD4C /* Frameworks */ = {
			isa = PBXFrameworksBuildPhase;
			buildActionMask = 2147483647;
			files = (
			);
			runOnlyForDeploymentPostprocessing = 0;
		};
/* End PBXFrameworksBuildPhase section */

/* Begin PBXGroup section */
		BD58A6632C0019130013BD4C = {
			isa = PBXGroup;
			children = (
				BD58A66E2C0019130013BD4C /* SearchBarInCollectionview */,
				BD58A6852C0019150013BD4C /* SearchBarInCollectionviewTests */,
				BD58A68F2C0019150013BD4C /* SearchBarInCollectionviewUITests */,
				BD58A66D2C0019130013BD4C /* Products */,
			);
			sourceTree = "<group>";
		};
		BD58A66D2C0019130013BD4C /* Products */ = {
			isa = PBXGroup;
			children = (
				BD58A66C2C0019130013BD4C /* SearchBarInCollectionview.app */,
				BD58A6822C0019150013BD4C /* SearchBarInCollectionviewTests.xctest */,
				BD58A68C2C0019150013BD4C /* SearchBarInCollectionviewUITests.xctest */,
			);
			name = Products;
			sourceTree = "<group>";
		};
		BD58A66E2C0019130013BD4C /* SearchBarInCollectionview */ = {
			isa = PBXGroup;
			children = (
				BD58A66F2C0019130013BD4C /* AppDelegate.swift */,
				BD58A6712C0019130013BD4C /* SceneDelegate.swift */,
				BD58A6732C0019130013BD4C /* ViewController.swift */,
				BD58A6752C0019130013BD4C /* Main.storyboard */,
				BD58A6782C0019150013BD4C /* Assets.xcassets */,
				BD58A67A2C0019150013BD4C /* LaunchScreen.storyboard */,
				BD58A67D2C0019150013BD4C /* Info.plist */,
			);
			path = SearchBarInCollectionview;
			sourceTree = "<group>";
		};
		BD58A6852C0019150013BD4C /* SearchBarInCollectionviewTests */ = {
			isa = PBXGroup;
			children = (
				BD58A6862C0019150013BD4C /* SearchBarInCollectionviewTests.swift */,
			);
			path = SearchBarInCollectionviewTests;
			sourceTree = "<group>";
		};
		BD58A68F2C0019150013BD4C /* SearchBarInCollectionviewUITests */ = {
			isa = PBXGroup;
			children = (
				BD58A6902C0019150013BD4C /* SearchBarInCollectionviewUITests.swift */,
				BD58A6922C0019150013BD4C /* SearchBarInCollectionviewUITestsLaunchTests.swift */,
			);
			path = SearchBarInCollectionviewUITests;
			sourceTree = "<group>";
		};
/* End PBXGroup section */

/* Begin PBXNativeTarget section */
		BD58A66B2C0019130013BD4C /* SearchBarInCollectionview */ = {
			isa = PBXNativeTarget;
			buildConfigurationList = BD58A6962C0019150013BD4C /* Build configuration list for PBXNativeTarget "SearchBarInCollectionview" */;
			buildPhases = (
				BD58A6682C0019130013BD4C /* Sources */,
				BD58A6692C0019130013BD4C /* Frameworks */,
				BD58A66A2C0019130013BD4C /* Resources */,
			);
			buildRules = (
			);
			dependencies = (
			);
			name = SearchBarInCollectionview;
			productName = SearchBarInCollectionview;
			productReference = BD58A66C2C0019130013BD4C /* SearchBarInCollectionview.app */;
			productType = "com.apple.product-type.application";
		};
		BD58A6812C0019150013BD4C /* SearchBarInCollectionviewTests */ = {
			isa = PBXNativeTarget;
			buildConfigurationList = BD58A6992C0019150013BD4C /* Build configuration list for PBXNativeTarget "SearchBarInCollectionviewTests" */;
			buildPhases = (
				BD58A67E2C0019150013BD4C /* Sources */,
				BD58A67F2C0019150013BD4C /* Frameworks */,
				BD58A6802C0019150013BD4C /* Resources */,
			);
			buildRules = (
			);
			dependencies = (
				BD58A6842C0019150013BD4C /* PBXTargetDependency */,
			);
			name = SearchBarInCollectionviewTests;
			productName = SearchBarInCollectionviewTests;
			productReference = BD58A6822C0019150013BD4C /* SearchBarInCollectionviewTests.xctest */;
			productType = "com.apple.product-type.bundle.unit-test";
		};
		BD58A68B2C0019150013BD4C /* SearchBarInCollectionviewUITests */ = {
			isa = PBXNativeTarget;
			buildConfigurationList = BD58A69C2C0019150013BD4C /* Build configuration list for PBXNativeTarget "SearchBarInCollectionviewUITests" */;
			buildPhases = (
				BD58A6882C0019150013BD4C /* Sources */,
				BD58A6892C0019150013BD4C /* Frameworks */,
				BD58A68A2C0019150013BD4C /* Resources */,
			);
			buildRules = (
			);
			dependencies = (
				BD58A68E2C0019150013BD4C /* PBXTargetDependency */,
			);
			name = SearchBarInCollectionviewUITests;
			productName = SearchBarInCollectionviewUITests;
			productReference = BD58A68C2C0019150013BD4C /* SearchBarInCollectionviewUITests.xctest */;
			productType = "com.apple.product-type.bundle.ui-testing";
		};
/* End PBXNativeTarget section */

/* Begin PBXProject section */
		BD58A6642C0019130013BD4C /* Project object */ = {
			isa = PBXProject;
			attributes = {
				BuildIndependentTargetsInParallel = 1;
				LastSwiftUpdateCheck = 1530;
				LastUpgradeCheck = 1530;
				TargetAttributes = {
					BD58A66B2C0019130013BD4C = {
						CreatedOnToolsVersion = 15.3;
					};
					BD58A6812C0019150013BD4C = {
						CreatedOnToolsVersion = 15.3;
						TestTargetID = BD58A66B2C0019130013BD4C;
					};
					BD58A68B2C0019150013BD4C = {
						CreatedOnToolsVersion = 15.3;
						TestTargetID = BD58A66B2C0019130013BD4C;
					};
				};
			};
			buildConfigurationList = BD58A6672C0019130013BD4C /* Build configuration list for PBXProject "SearchBarInCollectionview" */;
			compatibilityVersion = "Xcode 14.0";
			developmentRegion = en;
			hasScannedForEncodings = 0;
			knownRegions = (
				en,
				Base,
			);
			mainGroup = BD58A6632C0019130013BD4C;
			productRefGroup = BD58A66D2C0019130013BD4C /* Products */;
			projectDirPath = "";
			projectRoot = "";
			targets = (
				BD58A66B2C0019130013BD4C /* SearchBarInCollectionview */,
				BD58A6812C0019150013BD4C /* SearchBarInCollectionviewTests */,
				BD58A68B2C0019150013BD4C /* SearchBarInCollectionviewUITests */,
			);
		};
/* End PBXProject section */

/* Begin PBXResourcesBuildPhase section */
		BD58A66A2C0019130013BD4C /* Resources */ = {
			isa = PBXResourcesBuildPhase;
			buildActionMask = 2147483647;
			files = (
				BD58A6792C0019150013BD4C /* Assets.xcassets in Resources */,
				BD58A67C2C0019150013BD4C /* Base in Resources */,
				BD58A6772C0019130013BD4C /* Base in Resources */,
			);
			runOnlyForDeploymentPostprocessing = 0;
		};
		BD58A6802C0019150013BD4C /* Resources */ = {
			isa = PBXResourcesBuildPhase;
			buildActionMask = 2147483647;
			files = (
			);
			runOnlyForDeploymentPostprocessing = 0;
		};
		BD58A68A2C0019150013BD4C /* Resources */ = {
			isa = PBXResourcesBuildPhase;
			buildActionMask = 2147483647;
			files = (
			);
			runOnlyForDeploymentPostprocessing = 0;
		};
/* End PBXResourcesBuildPhase section */

/* Begin PBXSourcesBuildPhase section */
		BD58A6682C0019130013BD4C /* Sources */ = {
			isa = PBXSourcesBuildPhase;
			buildActionMask = 2147483647;
			files = (
				BD58A6742C0019130013BD4C /* ViewController.swift in Sources */,
				BD58A6702C0019130013BD4C /* AppDelegate.swift in Sources */,
				BD58A6722C0019130013BD4C /* SceneDelegate.swift in Sources */,
			);
			runOnlyForDeploymentPostprocessing = 0;
		};
		BD58A67E2C0019150013BD4C /* Sources */ = {
			isa = PBXSourcesBuildPhase;
			buildActionMask = 2147483647;
			files = (
				BD58A6872C0019150013BD4C /* SearchBarInCollectionviewTests.swift in Sources */,
			);
			runOnlyForDeploymentPostprocessing = 0;
		};
		BD58A6882C0019150013BD4C /* Sources */ = {
			isa = PBXSourcesBuildPhase;
			buildActionMask = 2147483647;
			files = (
				BD58A6932C0019150013BD4C /* SearchBarInCollectionviewUITestsLaunchTests.swift in Sources */,
				BD58A6912C0019150013BD4C /* SearchBarInCollectionviewUITests.swift in Sources */,
			);
			runOnlyForDeploymentPostprocessing = 0;
		};
/* End PBXSourcesBuildPhase section */

/* Begin PBXTargetDependency section */
		BD58A6842C0019150013BD4C /* PBXTargetDependency */ = {
			isa = PBXTargetDependency;
			target = BD58A66B2C0019130013BD4C /* SearchBarInCollectionview */;
			targetProxy = BD58A6832C0019150013BD4C /* PBXContainerItemProxy */;
		};
		BD58A68E2C0019150013BD4C /* PBXTargetDependency */ = {
			isa = PBXTargetDependency;
			target = BD58A66B2C0019130013BD4C /* SearchBarInCollectionview */;
			targetProxy = BD58A68D2C0019150013BD4C /* PBXContainerItemProxy */;
		};
/* End PBXTargetDependency section */

/* Begin PBXVariantGroup section */
		BD58A6752C0019130013BD4C /* Main.storyboard */ = {
			isa = PBXVariantGroup;
			children = (
				BD58A6762C0019130013BD4C /* Base */,
			);
			name = Main.storyboard;
			sourceTree = "<group>";
		};
		BD58A67A2C0019150013BD4C /* LaunchScreen.storyboard */ = {
			isa = PBXVariantGroup;
			children = (
				BD58A67B2C0019150013BD4C /* Base */,
			);
			name = LaunchScreen.storyboard;
			sourceTree = "<group>";
		};
/* End PBXVariantGroup section */

/* Begin XCBuildConfiguration section */
		BD58A6942C0019150013BD4C /* Debug */ = {
			isa = XCBuildConfiguration;
			buildSettings = {
				ALWAYS_SEARCH_USER_PATHS = NO;
				ASSETCATALOG_COMPILER_GENERATE_SWIFT_ASSET_SYMBOL_EXTENSIONS = YES;
				CLANG_ANALYZER_NONNULL = YES;
				CLANG_ANALYZER_NUMBER_OBJECT_CONVERSION = YES_AGGRESSIVE;
				CLANG_CXX_LANGUAGE_STANDARD = "gnu++20";
				CLANG_ENABLE_MODULES = YES;
				CLANG_ENABLE_OBJC_ARC = YES;
				CLANG_ENABLE_OBJC_WEAK = YES;
				CLANG_WARN_BLOCK_CAPTURE_AUTORELEASING = YES;
				CLANG_WARN_BOOL_CONVERSION = YES;
				CLANG_WARN_COMMA = YES;
				CLANG_WARN_CONSTANT_CONVERSION = YES;
				CLANG_WARN_DEPRECATED_OBJC_IMPLEMENTATIONS = YES;
				CLANG_WARN_DIRECT_OBJC_ISA_USAGE = YES_ERROR;
				CLANG_WARN_DOCUMENTATION_COMMENTS = YES;
				CLANG_WARN_EMPTY_BODY = YES;
				CLANG_WARN_ENUM_CONVERSION = YES;
				CLANG_WARN_INFINITE_RECURSION = YES;
				CLANG_WARN_INT_CONVERSION = YES;
				CLANG_WARN_NON_LITERAL_NULL_CONVERSION = YES;
				CLANG_WARN_OBJC_IMPLICIT_RETAIN_SELF = YES;
				CLANG_WARN_OBJC_LITERAL_CONVERSION = YES;
				CLANG_WARN_OBJC_ROOT_CLASS = YES_ERROR;
				CLANG_WARN_QUOTED_INCLUDE_IN_FRAMEWORK_HEADER = YES;
				CLANG_WARN_RANGE_LOOP_ANALYSIS = YES;
				CLANG_WARN_STRICT_PROTOTYPES = YES;
				CLANG_WARN_SUSPICIOUS_MOVE = YES;
				CLANG_WARN_UNGUARDED_AVAILABILITY = YES_AGGRESSIVE;
				CLANG_WARN_UNREACHABLE_CODE = YES;
				CLANG_WARN__DUPLICATE_METHOD_MATCH = YES;
				COPY_PHASE_STRIP = NO;
				DEBUG_INFORMATION_FORMAT = dwarf;
				ENABLE_STRICT_OBJC_MSGSEND = YES;
				ENABLE_TESTABILITY = YES;
				ENABLE_USER_SCRIPT_SANDBOXING = YES;
				GCC_C_LANGUAGE_STANDARD = gnu17;
				GCC_DYNAMIC_NO_PIC = NO;
				GCC_NO_COMMON_BLOCKS = YES;
				GCC_OPTIMIZATION_LEVEL = 0;
				GCC_PREPROCESSOR_DEFINITIONS = (
					"DEBUG=1",
					"$(inherited)",
				);
				GCC_WARN_64_TO_32_BIT_CONVERSION = YES;
				GCC_WARN_ABOUT_RETURN_TYPE = YES_ERROR;
				GCC_WARN_UNDECLARED_SELECTOR = YES;
				GCC_WARN_UNINITIALIZED_AUTOS = YES_AGGRESSIVE;
				GCC_WARN_UNUSED_FUNCTION = YES;
				GCC_WARN_UNUSED_VARIABLE = YES;
				IPHONEOS_DEPLOYMENT_TARGET = 17.4;
				LOCALIZATION_PREFERS_STRING_CATALOGS = YES;
				MTL_ENABLE_DEBUG_INFO = INCLUDE_SOURCE;
				MTL_FAST_MATH = YES;
				ONLY_ACTIVE_ARCH = YES;
				SDKROOT = iphoneos;
				SWIFT_ACTIVE_COMPILATION_CONDITIONS = "DEBUG $(inherited)";
				SWIFT_OPTIMIZATION_LEVEL = "-Onone";
			};
			name = Debug;
		};
		BD58A6952C0019150013BD4C /* Release */ = {
			isa = XCBuildConfiguration;
			buildSettings = {
				ALWAYS_SEARCH_USER_PATHS = NO;
				ASSETCATALOG_COMPILER_GENERATE_SWIFT_ASSET_SYMBOL_EXTENSIONS = YES;
				CLANG_ANALYZER_NONNULL = YES;
				CLANG_ANALYZER_NUMBER_OBJECT_CONVERSION = YES_AGGRESSIVE;
				CLANG_CXX_LANGUAGE_STANDARD = "gnu++20";
				CLANG_ENABLE_MODULES = YES;
				CLANG_ENABLE_OBJC_ARC = YES;
				CLANG_ENABLE_OBJC_WEAK = YES;
				CLANG_WARN_BLOCK_CAPTURE_AUTORELEASING = YES;
				CLANG_WARN_BOOL_CONVERSION = YES;
				CLANG_WARN_COMMA = YES;
				CLANG_WARN_CONSTANT_CONVERSION = YES;
				CLANG_WARN_DEPRECATED_OBJC_IMPLEMENTATIONS = YES;
				CLANG_WARN_DIRECT_OBJC_ISA_USAGE = YES_ERROR;
				CLANG_WARN_DOCUMENTATION_COMMENTS = YES;
				CLANG_WARN_EMPTY_BODY = YES;
				CLANG_WARN_ENUM_CONVERSION = YES;
				CLANG_WARN_INFINITE_RECURSION = YES;
				CLANG_WARN_INT_CONVERSION = YES;
				CLANG_WARN_NON_LITERAL_NULL_CONVERSION = YES;
				CLANG_WARN_OBJC_IMPLICIT_RETAIN_SELF = YES;
				CLANG_WARN_OBJC_LITERAL_CONVERSION = YES;
				CLANG_WARN_OBJC_ROOT_CLASS = YES_ERROR;
				CLANG_WARN_QUOTED_INCLUDE_IN_FRAMEWORK_HEADER = YES;
				CLANG_WARN_RANGE_LOOP_ANALYSIS = YES;
				CLANG_WARN_STRICT_PROTOTYPES = YES;
				CLANG_WARN_SUSPICIOUS_MOVE = YES;
				CLANG_WARN_UNGUARDED_AVAILABILITY = YES_AGGRESSIVE;
				CLANG_WARN_UNREACHABLE_CODE = YES;
				CLANG_WARN__DUPLICATE_METHOD_MATCH = YES;
				COPY_PHASE_STRIP = NO;
				DEBUG_INFORMATION_FORMAT = "dwarf-with-dsym";
				ENABLE_NS_ASSERTIONS = NO;
				ENABLE_STRICT_OBJC_MSGSEND = YES;
				ENABLE_USER_SCRIPT_SANDBOXING = YES;
				GCC_C_LANGUAGE_STANDARD = gnu17;
				GCC_NO_COMMON_BLOCKS = YES;
				GCC_WARN_64_TO_32_BIT_CONVERSION = YES;
				GCC_WARN_ABOUT_RETURN_TYPE = YES_ERROR;
				GCC_WARN_UNDECLARED_SELECTOR = YES;
				GCC_WARN_UNINITIALIZED_AUTOS = YES_AGGRESSIVE;
				GCC_WARN_UNUSED_FUNCTION = YES;
				GCC_WARN_UNUSED_VARIABLE = YES;
				IPHONEOS_DEPLOYMENT_TARGET = 17.4;
				LOCALIZATION_PREFERS_STRING_CATALOGS = YES;
				MTL_ENABLE_DEBUG_INFO = NO;
				MTL_FAST_MATH = YES;
				SDKROOT = iphoneos;
				SWIFT_COMPILATION_MODE = wholemodule;
				VALIDATE_PRODUCT = YES;
			};
			name = Release;
		};
		BD58A6972C0019150013BD4C /* Debug */ = {
			isa = XCBuildConfiguration;
			buildSettings = {
				ASSETCATALOG_COMPILER_APPICON_NAME = AppIcon;
				ASSETCATALOG_COMPILER_GLOBAL_ACCENT_COLOR_NAME = AccentColor;
				CODE_SIGN_STYLE = Automatic;
				CURRENT_PROJECT_VERSION = 1;
				GENERATE_INFOPLIST_FILE = YES;
				INFOPLIST_FILE = SearchBarInCollectionview/Info.plist;
				INFOPLIST_KEY_UIApplicationSupportsIndirectInputEvents = YES;
				INFOPLIST_KEY_UILaunchStoryboardName = LaunchScreen;
				INFOPLIST_KEY_UIMainStoryboardFile = Main;
				INFOPLIST_KEY_UISupportedInterfaceOrientations_iPad = "UIInterfaceOrientationPortrait UIInterfaceOrientationPortraitUpsideDown UIInterfaceOrientationLandscapeLeft UIInterfaceOrientationLandscapeRight";
				INFOPLIST_KEY_UISupportedInterfaceOrientations_iPhone = "UIInterfaceOrientationPortrait UIInterfaceOrientationLandscapeLeft UIInterfaceOrientationLandscapeRight";
				LD_RUNPATH_SEARCH_PATHS = (
					"$(inherited)",
					"@executable_path/Frameworks",
				);
				MARKETING_VERSION = 1.0;
				PRODUCT_BUNDLE_IDENTIFIER = com.plexustechnology.SearchBarInCollectionview;
				PRODUCT_NAME = "$(TARGET_NAME)";
				SWIFT_EMIT_LOC_STRINGS = YES;
				SWIFT_VERSION = 5.0;
				TARGETED_DEVICE_FAMILY = "1,2";
			};
			name = Debug;
		};
		BD58A6982C0019150013BD4C /* Release */ = {
			isa = XCBuildConfiguration;
			buildSettings = {
				ASSETCATALOG_COMPILER_APPICON_NAME = AppIcon;
				ASSETCATALOG_COMPILER_GLOBAL_ACCENT_COLOR_NAME = AccentColor;
				CODE_SIGN_STYLE = Automatic;
				CURRENT_PROJECT_VERSION = 1;
				GENERATE_INFOPLIST_FILE = YES;
				INFOPLIST_FILE = SearchBarInCollectionview/Info.plist;
				INFOPLIST_KEY_UIApplicationSupportsIndirectInputEvents = YES;
				INFOPLIST_KEY_UILaunchStoryboardName = LaunchScreen;
				INFOPLIST_KEY_UIMainStoryboardFile = Main;
				INFOPLIST_KEY_UISupportedInterfaceOrientations_iPad = "UIInterfaceOrientationPortrait UIInterfaceOrientationPortraitUpsideDown UIInterfaceOrientationLandscapeLeft UIInterfaceOrientationLandscapeRight";
				INFOPLIST_KEY_UISupportedInterfaceOrientations_iPhone = "UIInterfaceOrientationPortrait UIInterfaceOrientationLandscapeLeft UIInterfaceOrientationLandscapeRight";
				LD_RUNPATH_SEARCH_PATHS = (
					"$(inherited)",
					"@executable_path/Frameworks",
				);
				MARKETING_VERSION = 1.0;
				PRODUCT_BUNDLE_IDENTIFIER = com.plexustechnology.SearchBarInCollectionview;
				PRODUCT_NAME = "$(TARGET_NAME)";
				SWIFT_EMIT_LOC_STRINGS = YES;
				SWIFT_VERSION = 5.0;
				TARGETED_DEVICE_FAMILY = "1,2";
			};
			name = Release;
		};
		BD58A69A2C0019150013BD4C /* Debug */ = {
			isa = XCBuildConfiguration;
			buildSettings = {
				ALWAYS_EMBED_SWIFT_STANDARD_LIBRARIES = YES;
				BUNDLE_LOADER = "$(TEST_HOST)";
				CODE_SIGN_STYLE = Automatic;
				CURRENT_PROJECT_VERSION = 1;
				GENERATE_INFOPLIST_FILE = YES;
				IPHONEOS_DEPLOYMENT_TARGET = 17.4;
				MARKETING_VERSION = 1.0;
				PRODUCT_BUNDLE_IDENTIFIER = com.plexustechnology.SearchBarInCollectionviewTests;
				PRODUCT_NAME = "$(TARGET_NAME)";
				SWIFT_EMIT_LOC_STRINGS = NO;
				SWIFT_VERSION = 5.0;
				TARGETED_DEVICE_FAMILY = "1,2";
				TEST_HOST = "$(BUILT_PRODUCTS_DIR)/SearchBarInCollectionview.app/$(BUNDLE_EXECUTABLE_FOLDER_PATH)/SearchBarInCollectionview";
			};
			name = Debug;
		};
		BD58A69B2C0019150013BD4C /* Release */ = {
			isa = XCBuildConfiguration;
			buildSettings = {
				ALWAYS_EMBED_SWIFT_STANDARD_LIBRARIES = YES;
				BUNDLE_LOADER = "$(TEST_HOST)";
				CODE_SIGN_STYLE = Automatic;
				CURRENT_PROJECT_VERSION = 1;
				GENERATE_INFOPLIST_FILE = YES;
				IPHONEOS_DEPLOYMENT_TARGET = 17.4;
				MARKETING_VERSION = 1.0;
				PRODUCT_BUNDLE_IDENTIFIER = com.plexustechnology.SearchBarInCollectionviewTests;
				PRODUCT_NAME = "$(TARGET_NAME)";
				SWIFT_EMIT_LOC_STRINGS = NO;
				SWIFT_VERSION = 5.0;
				TARGETED_DEVICE_FAMILY = "1,2";
				TEST_HOST = "$(BUILT_PRODUCTS_DIR)/SearchBarInCollectionview.app/$(BUNDLE_EXECUTABLE_FOLDER_PATH)/SearchBarInCollectionview";
			};
			name = Release;
		};
		BD58A69D2C0019150013BD4C /* Debug */ = {
			isa = XCBuildConfiguration;
			buildSettings = {
				ALWAYS_EMBED_SWIFT_STANDARD_LIBRARIES = YES;
				CODE_SIGN_STYLE = Automatic;
				CURRENT_PROJECT_VERSION = 1;
				GENERATE_INFOPLIST_FILE = YES;
				MARKETING_VERSION = 1.0;
				PRODUCT_BUNDLE_IDENTIFIER = com.plexustechnology.SearchBarInCollectionviewUITests;
				PRODUCT_NAME = "$(TARGET_NAME)";
				SWIFT_EMIT_LOC_STRINGS = NO;
				SWIFT_VERSION = 5.0;
				TARGETED_DEVICE_FAMILY = "1,2";
				TEST_TARGET_NAME = SearchBarInCollectionview;
			};
			name = Debug;
		};
		BD58A69E2C0019150013BD4C /* Release */ = {
			isa = XCBuildConfiguration;
			buildSettings = {
				ALWAYS_EMBED_SWIFT_STANDARD_LIBRARIES = YES;
				CODE_SIGN_STYLE = Automatic;
				CURRENT_PROJECT_VERSION = 1;
				GENERATE_INFOPLIST_FILE = YES;
				MARKETING_VERSION = 1.0;
				PRODUCT_BUNDLE_IDENTIFIER = com.plexustechnology.SearchBarInCollectionviewUITests;
				PRODUCT_NAME = "$(TARGET_NAME)";
				SWIFT_EMIT_LOC_STRINGS = NO;
				SWIFT_VERSION = 5.0;
				TARGETED_DEVICE_FAMILY = "1,2";
				TEST_TARGET_NAME = SearchBarInCollectionview;
			};
			name = Release;
		};
/* End XCBuildConfiguration section */

/* Begin XCConfigurationList section */
		BD58A6672C0019130013BD4C /* Build configuration list for PBXProject "SearchBarInCollectionview" */ = {
			isa = XCConfigurationList;
			buildConfigurations = (
				BD58A6942C0019150013BD4C /* Debug */,
				BD58A6952C0019150013BD4C /* Release */,
			);
			defaultConfigurationIsVisible = 0;
			defaultConfigurationName = Release;
		};
		BD58A6962C0019150013BD4C /* Build configuration list for PBXNativeTarget "SearchBarInCollectionview" */ = {
			isa = XCConfigurationList;
			buildConfigurations = (
				BD58A6972C0019150013BD4C /* Debug */,
				BD58A6982C0019150013BD4C /* Release */,
			);
			defaultConfigurationIsVisible = 0;
			defaultConfigurationName = Release;
		};
		BD58A6992C0019150013BD4C /* Build configuration list for PBXNativeTarget "SearchBarInCollectionviewTests" */ = {
			isa = XCConfigurationList;
			buildConfigurations = (
				BD58A69A2C0019150013BD4C /* Debug */,
				BD58A69B2C0019150013BD4C /* Release */,
			);
			defaultConfigurationIsVisible = 0;
			defaultConfigurationName = Release;
		};
		BD58A69C2C0019150013BD4C /* Build configuration list for PBXNativeTarget "SearchBarInCollectionviewUITests" */ = {
			isa = XCConfigurationList;
			buildConfigurations = (
				BD58A69D2C0019150013BD4C /* Debug */,
				BD58A69E2C0019150013BD4C /* Release */,
			);
			defaultConfigurationIsVisible = 0;
			defaultConfigurationName = Release;
		};
/* End XCConfigurationList section */
	};
	rootObject = BD58A6642C0019130013BD4C /* Project object */;
}
